
Microsoft Visual Studio Solution File, Format Version 12.00
# Visual Studio Version 17
VisualStudioVersion = 17.13.35806.99
MinimumVisualStudioVersion = 10.0.40219.1
Project("{FAE04EC0-301F-11D3-BF4B-00C04F79EFBC}") = "AplicatieTipAgenda", "AplicatieTipAgenda\AplicatieTipAgenda.csproj", "{579698E0-5A6E-469F-ADB9-26E363F939C5}"
EndProject
Project("{FAE04EC0-301F-11D3-BF4B-00C04F79EFBC}") = "LibrarieModele", "LibrarieModele\LibrarieModele.csproj", "{A68F99A7-B0E8-40B7-B13D-F1C5CCD9EFE0}"
EndProject
Project("{FAE04EC0-301F-11D3-BF4B-00C04F79EFBC}") = "NivelStocareDate", "NivelStocareDate\NivelStocareDate.csproj", "{8763F4DB-F8A8-4392-823E-645156D24BC9}"
EndProject
Project("{FAE04EC0-301F-11D3-BF4B-00C04F79EFBC}") = "InterfataUtilizator_WindowsForms", "InterfataUtilizator_WindowsForms\InterfataUtilizator_WindowsForms.csproj", "{AF3E6FC6-7473-485B-AE8F-BAD372E32F1C}"
EndProject
Global
	GlobalSection(SolutionConfigurationPlatforms) = preSolution
		Debug|Any CPU = Debug|Any CPU
		Release|Any CPU = Release|Any CPU
	EndGlobalSection
	GlobalSection(ProjectConfigurationPlatforms) = postSolution
		{579698E0-5A6E-469F-ADB9-26E363F939C5}.Debug|Any CPU.ActiveCfg = Debug|Any CPU
		{579698E0-5A6E-469F-ADB9-26E363F939C5}.Debug|Any CPU.Build.0 = Debug|Any CPU
		{579698E0-5A6E-469F-ADB9-26E363F939C5}.Release|Any CPU.ActiveCfg = Release|Any CPU
		{579698E0-5A6E-469F-ADB9-26E363F939C5}.Release|Any CPU.Build.0 = Release|Any CPU
		{A68F99A7-B0E8-40B7-B13D-F1C5CCD9EFE0}.Debug|Any CPU.ActiveCfg = Debug|Any CPU
		{A68F99A7-B0E8-40B7-B13D-F1C5CCD9EFE0}.Debug|Any CPU.Build.0 = Debug|Any CPU
		{A68F99A7-B0E8-40B7-B13D-F1C5CCD9EFE0}.Release|Any CPU.ActiveCfg = Release|Any CPU
		{A68F99A7-B0E8-40B7-B13D-F1C5CCD9EFE0}.Release|Any CPU.Build.0 = Release|Any CPU
		{8763F4DB-F8A8-4392-823E-645156D24BC9}.Debug|Any CPU.ActiveCfg = Debug|Any CPU
		{8763F4DB-F8A8-4392-823E-645156D24BC9}.Debug|Any CPU.Build.0 = Debug|Any CPU
		{8763F4DB-F8A8-4392-823E-645156D24BC9}.Release|Any CPU.ActiveCfg = Release|Any CPU
		{8763F4DB-F8A8-4392-823E-645156D24BC9}.Release|Any CPU.Build.0 = Release|Any CPU
		{AF3E6FC6-7473-485B-AE8F-BAD372E32F1C}.Debug|Any CPU.ActiveCfg = Debug|Any CPU
		{AF3E6FC6-7473-485B-AE8F-BAD372E32F1C}.Debug|Any CPU.Build.0 = Debug|Any CPU
		{AF3E6FC6-7473-485B-AE8F-BAD372E32F1C}.Release|Any CPU.ActiveCfg = Release|Any CPU
		{AF3E6FC6-7473-485B-AE8F-BAD372E32F1C}.Release|Any CPU.Build.0 = Release|Any CPU
	EndGlobalSection
	GlobalSection(SolutionProperties) = preSolution
		HideSolutionNode = FALSE
	EndGlobalSection
	GlobalSection(ExtensibilityGlobals) = postSolution
		SolutionGuid = {011B065A-5A8A-487A-BF83-D7FF154EFCB8}
	EndGlobalSection
EndGlobal
